// !$*UTF8*$!
{
	archiveVersion = 1;
	classes = {
	};
	objectVersion = 50;
	objects = {

/* Begin PBXBuildFile section */
		A5754EA5B97779597016C702 /* Pods_Swift4LINELogin.framework in Frameworks */ = {isa = PBXBuildFile; fileRef = 475DE09424BE57FE318D4643 /* Pods_Swift4LINELogin.framework */; };
		FFE720772175BB6D0008227E /* AppDelegate.swift in Sources */ = {isa = PBXBuildFile; fileRef = FFE720762175BB6D0008227E /* AppDelegate.swift */; };
		FFE720792175BB6D0008227E /* ViewController.swift in Sources */ = {isa = PBXBuildFile; fileRef = FFE720782175BB6D0008227E /* ViewController.swift */; };
		FFE7207C2175BB6D0008227E /* Main.storyboard in Resources */ = {isa = PBXBuildFile; fileRef = FFE7207A2175BB6D0008227E /* Main.storyboard */; };
		FFE7207E2175BB6E0008227E /* Assets.xcassets in Resources */ = {isa = PBXBuildFile; fileRef = FFE7207D2175BB6E0008227E /* Assets.xcassets */; };
		FFE720812175BB6E0008227E /* LaunchScreen.storyboard in Resources */ = {isa = PBXBuildFile; fileRef = FFE7207F2175BB6E0008227E /* LaunchScreen.storyboard */; };
		FFE720892175C1AE0008227E /* LineSDK.framework in Frameworks */ = {isa = PBXBuildFile; fileRef = FFE720882175C1AE0008227E /* LineSDK.framework */; };
		FFE7208B2175C1E50008227E /* SDWebImage.framework in Frameworks */ = {isa = PBXBuildFile; fileRef = FFE7208A2175C1E50008227E /* SDWebImage.framework */; };
		FFE7208D2175C1F50008227E /* CoreTelephony.framework in Frameworks */ = {isa = PBXBuildFile; fileRef = FFE7208C2175C1F50008227E /* CoreTelephony.framework */; };
		FFE7208F2175C1FD0008227E /* Security.framework in Frameworks */ = {isa = PBXBuildFile; fileRef = FFE7208E2175C1FD0008227E /* Security.framework */; };
		FFE720922175C85C0008227E /* ProfileViewController.swift in Sources */ = {isa = PBXBuildFile; fileRef = FFE720912175C85C0008227E /* ProfileViewController.swift */; };
		FFE720942175C8D50008227E /* lineIcon.png in Resources */ = {isa = PBXBuildFile; fileRef = FFE720932175C8D50008227E /* lineIcon.png */; };
/* End PBXBuildFile section */

/* Begin PBXFileReference section */
		475DE09424BE57FE318D4643 /* Pods_Swift4LINELogin.framework */ = {isa = PBXFileReference; explicitFileType = wrapper.framework; includeInIndex = 0; path = Pods_Swift4LINELogin.framework; sourceTree = BUILT_PRODUCTS_DIR; };
		53162FB7B35D2A377012719A /* Pods-Swift4LINELogin.debug.xcconfig */ = {isa = PBXFileReference; includeInIndex = 1; lastKnownFileType = text.xcconfig; name = "Pods-Swift4LINELogin.debug.xcconfig"; path = "Pods/Target Support Files/Pods-Swift4LINELogin/Pods-Swift4LINELogin.debug.xcconfig"; sourceTree = "<group>"; };
		8ABEAC38B29B29F9240CADD9 /* Pods-Swift4LINELogin.release.xcconfig */ = {isa = PBXFileReference; includeInIndex = 1; lastKnownFileType = text.xcconfig; name = "Pods-Swift4LINELogin.release.xcconfig"; path = "Pods/Target Support Files/Pods-Swift4LINELogin/Pods-Swift4LINELogin.release.xcconfig"; sourceTree = "<group>"; };
		FFE720732175BB6D0008227E /* Swift4LINELogin.app */ = {isa = PBXFileReference; explicitFileType = wrapper.application; includeInIndex = 0; path = Swift4LINELogin.app; sourceTree = BUILT_PRODUCTS_DIR; };
		FFE720762175BB6D0008227E /* AppDelegate.swift */ = {isa = PBXFileReference; lastKnownFileType = sourcecode.swift; path = AppDelegate.swift; sourceTree = "<group>"; };
		FFE720782175BB6D0008227E /* ViewController.swift */ = {isa = PBXFileReference; lastKnownFileType = sourcecode.swift; path = ViewController.swift; sourceTree = "<group>"; };
		FFE7207B2175BB6D0008227E /* Base */ = {isa = PBXFileReference; lastKnownFileType = file.storyboard; name = Base; path = Base.lproj/Main.storyboard; sourceTree = "<group>"; };
		FFE7207D2175BB6E0008227E /* Assets.xcassets */ = {isa = PBXFileReference; lastKnownFileType = folder.assetcatalog; path = Assets.xcassets; sourceTree = "<group>"; };
		FFE720802175BB6E0008227E /* Base */ = {isa = PBXFileReference; lastKnownFileType = file.storyboard; name = Base; path = Base.lproj/LaunchScreen.storyboard; sourceTree = "<group>"; };
		FFE720822175BB6E0008227E /* Info.plist */ = {isa = PBXFileReference; lastKnownFileType = text.plist.xml; path = Info.plist; sourceTree = "<group>"; };
		FFE720882175C1AE0008227E /* LineSDK.framework */ = {isa = PBXFileReference; lastKnownFileType = wrapper.framework; path = LineSDK.framework; sourceTree = "<group>"; };
		FFE7208A2175C1E50008227E /* SDWebImage.framework */ = {isa = PBXFileReference; explicitFileType = wrapper.framework; path = SDWebImage.framework; sourceTree = BUILT_PRODUCTS_DIR; };
		FFE7208C2175C1F50008227E /* CoreTelephony.framework */ = {isa = PBXFileReference; lastKnownFileType = wrapper.framework; name = CoreTelephony.framework; path = System/Library/Frameworks/CoreTelephony.framework; sourceTree = SDKROOT; };
		FFE7208E2175C1FD0008227E /* Security.framework */ = {isa = PBXFileReference; lastKnownFileType = wrapper.framework; name = Security.framework; path = System/Library/Frameworks/Security.framework; sourceTree = SDKROOT; };
		FFE720902175C22F0008227E /* Swift4LINELogin.entitlements */ = {isa = PBXFileReference; lastKnownFileType = text.plist.entitlements; path = Swift4LINELogin.entitlements; sourceTree = "<group>"; };
		FFE720912175C85C0008227E /* ProfileViewController.swift */ = {isa = PBXFileReference; lastKnownFileType = sourcecode.swift; path = ProfileViewController.swift; sourceTree = "<group>"; };
		FFE720932175C8D50008227E /* lineIcon.png */ = {isa = PBXFileReference; lastKnownFileType = image.png; path = lineIcon.png; sourceTree = "<group>"; };
/* End PBXFileReference section */

/* Begin PBXFrameworksBuildPhase section */
		FFE720702175BB6D0008227E /* Frameworks */ = {
			isa = PBXFrameworksBuildPhase;
			buildActionMask = 2147483647;
			files = (
				FFE7208F2175C1FD0008227E /* Security.framework in Frameworks */,
				FFE7208D2175C1F50008227E /* CoreTelephony.framework in Frameworks */,
				FFE7208B2175C1E50008227E /* SDWebImage.framework in Frameworks */,
				A5754EA5B97779597016C702 /* Pods_Swift4LINELogin.framework in Frameworks */,
				FFE720892175C1AE0008227E /* LineSDK.framework in Frameworks */,
			);
			runOnlyForDeploymentPostprocessing = 0;
		};
/* End PBXFrameworksBuildPhase section */

/* Begin PBXGroup section */
		024CE9A572B9B8AB827B8FFF /* Frameworks */ = {
			isa = PBXGroup;
			children = (
				FFE7208E2175C1FD0008227E /* Security.framework */,
				FFE7208C2175C1F50008227E /* CoreTelephony.framework */,
				FFE7208A2175C1E50008227E /* SDWebImage.framework */,
				475DE09424BE57FE318D4643 /* Pods_Swift4LINELogin.framework */,
			);
			name = Frameworks;
			sourceTree = "<group>";
		};
		9ECB2BF22A818764C17E73DB /* Pods */ = {
			isa = PBXGroup;
			children = (
				53162FB7B35D2A377012719A /* Pods-Swift4LINELogin.debug.xcconfig */,
				8ABEAC38B29B29F9240CADD9 /* Pods-Swift4LINELogin.release.xcconfig */,
			);
			name = Pods;
			sourceTree = "<group>";
		};
		FFE7206A2175BB6D0008227E = {
			isa = PBXGroup;
			children = (
				FFE720752175BB6D0008227E /* Swift4LINELogin */,
				FFE720742175BB6D0008227E /* Products */,
				9ECB2BF22A818764C17E73DB /* Pods */,
				024CE9A572B9B8AB827B8FFF /* Frameworks */,
			);
			sourceTree = "<group>";
		};
		FFE720742175BB6D0008227E /* Products */ = {
			isa = PBXGroup;
			children = (
				FFE720732175BB6D0008227E /* Swift4LINELogin.app */,
			);
			name = Products;
			sourceTree = "<group>";
		};
		FFE720752175BB6D0008227E /* Swift4LINELogin */ = {
			isa = PBXGroup;
			children = (
				FFE720932175C8D50008227E /* lineIcon.png */,
				FFE720902175C22F0008227E /* Swift4LINELogin.entitlements */,
				FFE720882175C1AE0008227E /* LineSDK.framework */,
				FFE720762175BB6D0008227E /* AppDelegate.swift */,
				FFE720782175BB6D0008227E /* ViewController.swift */,
				FFE720912175C85C0008227E /* ProfileViewController.swift */,
				FFE7207A2175BB6D0008227E /* Main.storyboard */,
				FFE7207D2175BB6E0008227E /* Assets.xcassets */,
				FFE7207F2175BB6E0008227E /* LaunchScreen.storyboard */,
				FFE720822175BB6E0008227E /* Info.plist */,
			);
			path = Swift4LINELogin;
			sourceTree = "<group>";
		};
/* End PBXGroup section */

/* Begin PBXNativeTarget section */
		FFE720722175BB6D0008227E /* Swift4LINELogin */ = {
			isa = PBXNativeTarget;
			buildConfigurationList = FFE720852175BB6E0008227E /* Build configuration list for PBXNativeTarget "Swift4LINELogin" */;
			buildPhases = (
				B89A5FBA96986596651BE079 /* [CP] Check Pods Manifest.lock */,
				FFE7206F2175BB6D0008227E /* Sources */,
				FFE720702175BB6D0008227E /* Frameworks */,
				FFE720712175BB6D0008227E /* Resources */,
				EDABC388B3A56454E7B7FF59 /* [CP] Embed Pods Frameworks */,
			);
			buildRules = (
			);
			dependencies = (
			);
			name = Swift4LINELogin;
			productName = Swift4LINELogin;
			productReference = FFE720732175BB6D0008227E /* Swift4LINELogin.app */;
			productType = "com.apple.product-type.application";
		};
/* End PBXNativeTarget section */

/* Begin PBXProject section */
		FFE7206B2175BB6D0008227E /* Project object */ = {
			isa = PBXProject;
			attributes = {
				LastSwiftUpdateCheck = 0940;
				LastUpgradeCheck = 0940;
				ORGANIZATIONNAME = taiki;
				TargetAttributes = {
					FFE720722175BB6D0008227E = {
						CreatedOnToolsVersion = 9.4.1;
						LastSwiftMigration = 1010;
						SystemCapabilities = {
							com.apple.Keychain = {
								enabled = 1;
							};
						};
					};
				};
			};
			buildConfigurationList = FFE7206E2175BB6D0008227E /* Build configuration list for PBXProject "Swift4LINELogin" */;
			compatibilityVersion = "Xcode 9.3";
			developmentRegion = en;
			hasScannedForEncodings = 0;
			knownRegions = (
				en,
				Base,
			);
			mainGroup = FFE7206A2175BB6D0008227E;
			productRefGroup = FFE720742175BB6D0008227E /* Products */;
			projectDirPath = "";
			projectRoot = "";
			targets = (
				FFE720722175BB6D0008227E /* Swift4LINELogin */,
			);
		};
/* End PBXProject section */

/* Begin PBXResourcesBuildPhase section */
		FFE720712175BB6D0008227E /* Resources */ = {
			isa = PBXResourcesBuildPhase;
			buildActionMask = 2147483647;
			files = (
				FFE720942175C8D50008227E /* lineIcon.png in Resources */,
				FFE720812175BB6E0008227E /* LaunchScreen.storyboard in Resources */,
				FFE7207E2175BB6E0008227E /* Assets.xcassets in Resources */,
				FFE7207C2175BB6D0008227E /* Main.storyboard in Resources */,
			);
			runOnlyForDeploymentPostprocessing = 0;
		};
/* End PBXResourcesBuildPhase section */

/* Begin PBXShellScriptBuildPhase section */
		B89A5FBA96986596651BE079 /* [CP] Check Pods Manifest.lock */ = {
			isa = PBXShellScriptBuildPhase;
			buildActionMask = 2147483647;
			files = (
			);
			inputPaths = (
				"${PODS_PODFILE_DIR_PATH}/Podfile.lock",
				"${PODS_ROOT}/Manifest.lock",
			);
			name = "[CP] Check Pods Manifest.lock";
			outputPaths = (
				"$(DERIVED_FILE_DIR)/Pods-Swift4LINELogin-checkManifestLockResult.txt",
			);
			runOnlyForDeploymentPostprocessing = 0;
			shellPath = /bin/sh;
			shellScript = "diff \"${PODS_PODFILE_DIR_PATH}/Podfile.lock\" \"${PODS_ROOT}/Manifest.lock\" > /dev/null\nif [ $? != 0 ] ; then\n    # print error to STDERR\n    echo \"error: The sandbox is not in sync with the Podfile.lock. Run 'pod install' or update your CocoaPods installation.\" >&2\n    exit 1\nfi\n# This output is used by Xcode 'outputs' to avoid re-running this script phase.\necho \"SUCCESS\" > \"${SCRIPT_OUTPUT_FILE_0}\"\n";
			showEnvVarsInLog = 0;
		};
		EDABC388B3A56454E7B7FF59 /* [CP] Embed Pods Frameworks */ = {
			isa = PBXShellScriptBuildPhase;
			buildActionMask = 2147483647;
			files = (
			);
			inputPaths = (
				"${SRCROOT}/Pods/Target Support Files/Pods-Swift4LINELogin/Pods-Swift4LINELogin-frameworks.sh",
				"${BUILT_PRODUCTS_DIR}/SDWebImage/SDWebImage.framework",
				"${BUILT_PRODUCTS_DIR}/libwebp/libwebp.framework",
			);
			name = "[CP] Embed Pods Frameworks";
			outputPaths = (
				"${TARGET_BUILD_DIR}/${FRAMEWORKS_FOLDER_PATH}/SDWebImage.framework",
				"${TARGET_BUILD_DIR}/${FRAMEWORKS_FOLDER_PATH}/libwebp.framework",
			);
			runOnlyForDeploymentPostprocessing = 0;
			shellPath = /bin/sh;
			shellScript = "\"${SRCROOT}/Pods/Target Support Files/Pods-Swift4LINELogin/Pods-Swift4LINELogin-frameworks.sh\"\n";
			showEnvVarsInLog = 0;
		};
/* End PBXShellScriptBuildPhase section */

/* Begin PBXSourcesBuildPhase section */
		FFE7206F2175BB6D0008227E /* Sources */ = {
			isa = PBXSourcesBuildPhase;
			buildActionMask = 2147483647;
			files = (
				FFE720922175C85C0008227E /* ProfileViewController.swift in Sources */,
				FFE720792175BB6D0008227E /* ViewController.swift in Sources */,
				FFE720772175BB6D0008227E /* AppDelegate.swift in Sources */,
			);
			runOnlyForDeploymentPostprocessing = 0;
		};
/* End PBXSourcesBuildPhase section */

/* Begin PBXVariantGroup section */
		FFE7207A2175BB6D0008227E /* Main.storyboard */ = {
			isa = PBXVariantGroup;
			children = (
				FFE7207B2175BB6D0008227E /* Base */,
			);
			name = Main.storyboard;
			sourceTree = "<group>";
		};
		FFE7207F2175BB6E0008227E /* LaunchScreen.storyboard */ = {
			isa = PBXVariantGroup;
			children = (
				FFE720802175BB6E0008227E /* Base */,
			);
			name = LaunchScreen.storyboard;
			sourceTree = "<group>";
		};
/* End PBXVariantGroup section */

/* Begin XCBuildConfiguration section */
		FFE720832175BB6E0008227E /* Debug */ = {
			isa = XCBuildConfiguration;
			buildSettings = {
				ALWAYS_SEARCH_USER_PATHS = NO;
				CLANG_ANALYZER_NONNULL = YES;
				CLANG_ANALYZER_NUMBER_OBJECT_CONVERSION = YES_AGGRESSIVE;
				CLANG_CXX_LANGUAGE_STANDARD = "gnu++14";
				CLANG_CXX_LIBRARY = "libc++";
				CLANG_ENABLE_MODULES = YES;
				CLANG_ENABLE_OBJC_ARC = YES;
				CLANG_ENABLE_OBJC_WEAK = YES;
				CLANG_WARN_BLOCK_CAPTURE_AUTORELEASING = YES;
				CLANG_WARN_BOOL_CONVERSION = YES;
				CLANG_WARN_COMMA = YES;
				CLANG_WARN_CONSTANT_CONVERSION = YES;
				CLANG_WARN_DEPRECATED_OBJC_IMPLEMENTATIONS = YES;
				CLANG_WARN_DIRECT_OBJC_ISA_USAGE = YES_ERROR;
				CLANG_WARN_DOCUMENTATION_COMMENTS = YES;
				CLANG_WARN_EMPTY_BODY = YES;
				CLANG_WARN_ENUM_CONVERSION = YES;
				CLANG_WARN_INFINITE_RECURSION = YES;
				CLANG_WARN_INT_CONVERSION = YES;
				CLANG_WARN_NON_LITERAL_NULL_CONVERSION = YES;
				CLANG_WARN_OBJC_IMPLICIT_RETAIN_SELF = YES;
				CLANG_WARN_OBJC_LITERAL_CONVERSION = YES;
				CLANG_WARN_OBJC_ROOT_CLASS = YES_ERROR;
				CLANG_WARN_RANGE_LOOP_ANALYSIS = YES;
				CLANG_WARN_STRICT_PROTOTYPES = YES;
				CLANG_WARN_SUSPICIOUS_MOVE = YES;
				CLANG_WARN_UNGUARDED_AVAILABILITY = YES_AGGRESSIVE;
				CLANG_WARN_UNREACHABLE_CODE = YES;
				CLANG_WARN__DUPLICATE_METHOD_MATCH = YES;
				CODE_SIGN_IDENTITY = "iPhone Developer";
				COPY_PHASE_STRIP = NO;
				DEBUG_INFORMATION_FORMAT = dwarf;
				ENABLE_STRICT_OBJC_MSGSEND = YES;
				ENABLE_TESTABILITY = YES;
				GCC_C_LANGUAGE_STANDARD = gnu11;
				GCC_DYNAMIC_NO_PIC = NO;
				GCC_NO_COMMON_BLOCKS = YES;
				GCC_OPTIMIZATION_LEVEL = 0;
				GCC_PREPROCESSOR_DEFINITIONS = (
					"DEBUG=1",
					"$(inherited)",
				);
				GCC_WARN_64_TO_32_BIT_CONVERSION = YES;
				GCC_WARN_ABOUT_RETURN_TYPE = YES_ERROR;
				GCC_WARN_UNDECLARED_SELECTOR = YES;
				GCC_WARN_UNINITIALIZED_AUTOS = YES_AGGRESSIVE;
				GCC_WARN_UNUSED_FUNCTION = YES;
				GCC_WARN_UNUSED_VARIABLE = YES;
				IPHONEOS_DEPLOYMENT_TARGET = 11.4;
				MTL_ENABLE_DEBUG_INFO = YES;
				ONLY_ACTIVE_ARCH = YES;
				SDKROOT = iphoneos;
				SWIFT_ACTIVE_COMPILATION_CONDITIONS = DEBUG;
				SWIFT_OPTIMIZATION_LEVEL = "-Onone";
			};
			name = Debug;
		};
		FFE720842175BB6E0008227E /* Release */ = {
			isa = XCBuildConfiguration;
			buildSettings = {
				ALWAYS_SEARCH_USER_PATHS = NO;
				CLANG_ANALYZER_NONNULL = YES;
				CLANG_ANALYZER_NUMBER_OBJECT_CONVERSION = YES_AGGRESSIVE;
				CLANG_CXX_LANGUAGE_STANDARD = "gnu++14";
				CLANG_CXX_LIBRARY = "libc++";
				CLANG_ENABLE_MODULES = YES;
				CLANG_ENABLE_OBJC_ARC = YES;
				CLANG_ENABLE_OBJC_WEAK = YES;
				CLANG_WARN_BLOCK_CAPTURE_AUTORELEASING = YES;
				CLANG_WARN_BOOL_CONVERSION = YES;
				CLANG_WARN_COMMA = YES;
				CLANG_WARN_CONSTANT_CONVERSION = YES;
				CLANG_WARN_DEPRECATED_OBJC_IMPLEMENTATIONS = YES;
				CLANG_WARN_DIRECT_OBJC_ISA_USAGE = YES_ERROR;
				CLANG_WARN_DOCUMENTATION_COMMENTS = YES;
				CLANG_WARN_EMPTY_BODY = YES;
				CLANG_WARN_ENUM_CONVERSION = YES;
				CLANG_WARN_INFINITE_RECURSION = YES;
				CLANG_WARN_INT_CONVERSION = YES;
				CLANG_WARN_NON_LITERAL_NULL_CONVERSION = YES;
				CLANG_WARN_OBJC_IMPLICIT_RETAIN_SELF = YES;
				CLANG_WARN_OBJC_LITERAL_CONVERSION = YES;
				CLANG_WARN_OBJC_ROOT_CLASS = YES_ERROR;
				CLANG_WARN_RANGE_LOOP_ANALYSIS = YES;
				CLANG_WARN_STRICT_PROTOTYPES = YES;
				CLANG_WARN_SUSPICIOUS_MOVE = YES;
				CLANG_WARN_UNGUARDED_AVAILABILITY = YES_AGGRESSIVE;
				CLANG_WARN_UNREACHABLE_CODE = YES;
				CLANG_WARN__DUPLICATE_METHOD_MATCH = YES;
				CODE_SIGN_IDENTITY = "iPhone Developer";
				COPY_PHASE_STRIP = NO;
				DEBUG_INFORMATION_FORMAT = "dwarf-with-dsym";
				ENABLE_NS_ASSERTIONS = NO;
				ENABLE_STRICT_OBJC_MSGSEND = YES;
				GCC_C_LANGUAGE_STANDARD = gnu11;
				GCC_NO_COMMON_BLOCKS = YES;
				GCC_WARN_64_TO_32_BIT_CONVERSION = YES;
				GCC_WARN_ABOUT_RETURN_TYPE = YES_ERROR;
				GCC_WARN_UNDECLARED_SELECTOR = YES;
				GCC_WARN_UNINITIALIZED_AUTOS = YES_AGGRESSIVE;
				GCC_WARN_UNUSED_FUNCTION = YES;
				GCC_WARN_UNUSED_VARIABLE = YES;
				IPHONEOS_DEPLOYMENT_TARGET = 11.4;
				MTL_ENABLE_DEBUG_INFO = NO;
				SDKROOT = iphoneos;
				SWIFT_COMPILATION_MODE = wholemodule;
				SWIFT_OPTIMIZATION_LEVEL = "-O";
				VALIDATE_PRODUCT = YES;
			};
			name = Release;
		};
		FFE720862175BB6E0008227E /* Debug */ = {
			isa = XCBuildConfiguration;
			baseConfigurationReference = 53162FB7B35D2A377012719A /* Pods-Swift4LINELogin.debug.xcconfig */;
			buildSettings = {
				ASSETCATALOG_COMPILER_APPICON_NAME = AppIcon;
				CODE_SIGN_ENTITLEMENTS = Swift4LINELogin/Swift4LINELogin.entitlements;
				CODE_SIGN_STYLE = Automatic;
				DEVELOPMENT_TEAM = 2MW7724T87;
				FRAMEWORK_SEARCH_PATHS = (
					"$(inherited)",
					"$(PROJECT_DIR)/Swift4LINELogin",
				);
				INFOPLIST_FILE = Swift4LINELogin/Info.plist;
				LD_RUNPATH_SEARCH_PATHS = (
					"$(inherited)",
					"@executable_path/Frameworks",
				);
				PRODUCT_BUNDLE_IDENTIFIER = com.taiki.Swift4LINELogin;
				PRODUCT_NAME = "$(TARGET_NAME)";
				SWIFT_VERSION = 4.2;
				TARGETED_DEVICE_FAMILY = "1,2";
			};
			name = Debug;
		};
		FFE720872175BB6E0008227E /* Release */ = {
			isa = XCBuildConfiguration;
			baseConfigurationReference = 8ABEAC38B29B29F9240CADD9 /* Pods-Swift4LINELogin.release.xcconfig */;
			buildSettings = {
				ASSETCATALOG_COMPILER_APPICON_NAME = AppIcon;
				CODE_SIGN_ENTITLEMENTS = Swift4LINELogin/Swift4LINELogin.entitlements;
				CODE_SIGN_STYLE = Automatic;
				DEVELOPMENT_TEAM = 2MW7724T87;
				FRAMEWORK_SEARCH_PATHS = (
					"$(inherited)",
					"$(PROJECT_DIR)/Swift4LINELogin",
				);
				INFOPLIST_FILE = Swift4LINELogin/Info.plist;
				LD_RUNPATH_SEARCH_PATHS = (
					"$(inherited)",
					"@executable_path/Frameworks",
				);
				PRODUCT_BUNDLE_IDENTIFIER = com.taiki.Swift4LINELogin;
				PRODUCT_NAME = "$(TARGET_NAME)";
				SWIFT_VERSION = 4.2;
				TARGETED_DEVICE_FAMILY = "1,2";
			};
			name = Release;
		};
/* End XCBuildConfiguration section */

/* Begin XCConfigurationList section */
		FFE7206E2175BB6D0008227E /* Build configuration list for PBXProject "Swift4LINELogin" */ = {
			isa = XCConfigurationList;
			buildConfigurations = (
				FFE720832175BB6E0008227E /* Debug */,
				FFE720842175BB6E0008227E /* Release */,
			);
			defaultConfigurationIsVisible = 0;
			defaultConfigurationName = Release;
		};
		FFE720852175BB6E0008227E /* Build configuration list for PBXNativeTarget "Swift4LINELogin" */ = {
			isa = XCConfigurationList;
			buildConfigurations = (
				FFE720862175BB6E0008227E /* Debug */,
				FFE720872175BB6E0008227E /* Release */,
			);
			defaultConfigurationIsVisible = 0;
			defaultConfigurationName = Release;
		};
/* End XCConfigurationList section */
	};
	rootObject = FFE7206B2175BB6D0008227E /* Project object */;
}
